// !$*UTF8*$!
{
	archiveVersion = 1;
	classes = {
	};
	objectVersion = 46;
	objects = {

/* Begin PBXBuildFile section */
		2564BE83179DCB8A00E325AF /* arrow.png in Resources */ = {isa = PBXBuildFile; fileRef = 2564BE51179DCB8A00E325AF /* arrow.png */; };
		2564BE84179DCB8A00E325AF /* iTunesArtwork.png in Resources */ = {isa = PBXBuildFile; fileRef = 2564BE52179DCB8A00E325AF /* iTunesArtwork.png */; };
		2564BE85179DCB8A00E325AF /* MainWindow.xib in Resources */ = {isa = PBXBuildFile; fileRef = 2564BE53179DCB8A00E325AF /* MainWindow.xib */; };
		2564BE86179DCB8A00E325AF /* no_photo_available.jpg in Resources */ = {isa = PBXBuildFile; fileRef = 2564BE54179DCB8A00E325AF /* no_photo_available.jpg */; };
		2564BE87179DCB8A00E325AF /* obama.png in Resources */ = {isa = PBXBuildFile; fileRef = 2564BE55179DCB8A00E325AF /* obama.png */; };
		2564BE88179DCB8A00E325AF /* obama@2x.png in Resources */ = {isa = PBXBuildFile; fileRef = 2564BE56179DCB8A00E325AF /* obama@2x.png */; };
		2564BE89179DCB8A00E325AF /* AppDelegate.m in Sources */ = {isa = PBXBuildFile; fileRef = 2564BE59179DCB8A00E325AF /* AppDelegate.m */; };
		2564BE8A179DCB8A00E325AF /* bebasneue.ttf in Resources */ = {isa = PBXBuildFile; fileRef = 2564BE5A179DCB8A00E325AF /* bebasneue.ttf */; };
		2564BE8B179DCB8A00E325AF /* bg.jpg in Resources */ = {isa = PBXBuildFile; fileRef = 2564BE5B179DCB8A00E325AF /* bg.jpg */; };
		2564BE8C179DCB8A00E325AF /* bg@2x.jpg in Resources */ = {isa = PBXBuildFile; fileRef = 2564BE5C179DCB8A00E325AF /* bg@2x.jpg */; };
		2564BE8D179DCB8A00E325AF /* email.png in Resources */ = {isa = PBXBuildFile; fileRef = 2564BE5D179DCB8A00E325AF /* email.png */; };
		2564BE8E179DCB8A00E325AF /* email@2x.png in Resources */ = {isa = PBXBuildFile; fileRef = 2564BE5E179DCB8A00E325AF /* email@2x.png */; };
		2564BE8F179DCB8A00E325AF /* InfoPlist.strings in Resources */ = {isa = PBXBuildFile; fileRef = 2564BE5F179DCB8A00E325AF /* InfoPlist.strings */; };
		2564BE91179DCB8A00E325AF /* main.m in Sources */ = {isa = PBXBuildFile; fileRef = 2564BE63179DCB8A00E325AF /* main.m */; };
		2564BE93179DCB8A00E325AF /* SBJsonParser.m in Sources */ = {isa = PBXBuildFile; fileRef = 2564BE68179DCB8A00E325AF /* SBJsonParser.m */; };
		2564BE94179DCB8A00E325AF /* SBJsonStreamParser.m in Sources */ = {isa = PBXBuildFile; fileRef = 2564BE6A179DCB8A00E325AF /* SBJsonStreamParser.m */; };
		2564BE95179DCB8A00E325AF /* SBJsonStreamParserAccumulator.m in Sources */ = {isa = PBXBuildFile; fileRef = 2564BE6C179DCB8A00E325AF /* SBJsonStreamParserAccumulator.m */; };
		2564BE96179DCB8A00E325AF /* SBJsonStreamParserAdapter.m in Sources */ = {isa = PBXBuildFile; fileRef = 2564BE6E179DCB8A00E325AF /* SBJsonStreamParserAdapter.m */; };
		2564BE97179DCB8A00E325AF /* SBJsonStreamParserState.m in Sources */ = {isa = PBXBuildFile; fileRef = 2564BE70179DCB8A00E325AF /* SBJsonStreamParserState.m */; };
		2564BE98179DCB8A00E325AF /* SBJsonStreamTokeniser.m in Sources */ = {isa = PBXBuildFile; fileRef = 2564BE72179DCB8A00E325AF /* SBJsonStreamTokeniser.m */; };
		2564BE99179DCB8A00E325AF /* SBJsonStreamWriter.m in Sources */ = {isa = PBXBuildFile; fileRef = 2564BE74179DCB8A00E325AF /* SBJsonStreamWriter.m */; };
		2564BE9A179DCB8A00E325AF /* SBJsonStreamWriterAccumulator.m in Sources */ = {isa = PBXBuildFile; fileRef = 2564BE76179DCB8A00E325AF /* SBJsonStreamWriterAccumulator.m */; };
		2564BE9B179DCB8A00E325AF /* SBJsonStreamWriterState.m in Sources */ = {isa = PBXBuildFile; fileRef = 2564BE78179DCB8A00E325AF /* SBJsonStreamWriterState.m */; };
		2564BE9C179DCB8A00E325AF /* SBJsonWriter.m in Sources */ = {isa = PBXBuildFile; fileRef = 2564BE7A179DCB8A00E325AF /* SBJsonWriter.m */; };
		2564BE9D179DCB8A00E325AF /* shareCard.png in Resources */ = {isa = PBXBuildFile; fileRef = 2564BE7B179DCB8A00E325AF /* shareCard.png */; };
		2564BE9E179DCB8A00E325AF /* shareCard@2x.png in Resources */ = {isa = PBXBuildFile; fileRef = 2564BE7C179DCB8A00E325AF /* shareCard@2x.png */; };
		2564BE9F179DCB8A00E325AF /* sms.png in Resources */ = {isa = PBXBuildFile; fileRef = 2564BE7D179DCB8A00E325AF /* sms.png */; };
		2564BEA0179DCB8A00E325AF /* sms@2x.png in Resources */ = {isa = PBXBuildFile; fileRef = 2564BE7E179DCB8A00E325AF /* sms@2x.png */; };
		2564BEA2179DCB8A00E325AF /* ViewController.m in Sources */ = {isa = PBXBuildFile; fileRef = 2564BE82179DCB8A00E325AF /* ViewController.m */; };
		2564BEA9179DCCFF00E325AF /* PullRefreshTableViewController.m in Sources */ = {isa = PBXBuildFile; fileRef = 2564BEA8179DCCFF00E325AF /* PullRefreshTableViewController.m */; };
		2564BEAC179DCD2D00E325AF /* Default-568h@2x.png in Resources */ = {isa = PBXBuildFile; fileRef = 2564BEAB179DCD2D00E325AF /* Default-568h@2x.png */; };
		256AEF251794E5B800ABBBA2 /* UIKit.framework in Frameworks */ = {isa = PBXBuildFile; fileRef = 256AEF241794E5B800ABBBA2 /* UIKit.framework */; };
		256AEF271794E5B800ABBBA2 /* Foundation.framework in Frameworks */ = {isa = PBXBuildFile; fileRef = 256AEF261794E5B800ABBBA2 /* Foundation.framework */; };
		256AEF291794E5B800ABBBA2 /* CoreGraphics.framework in Frameworks */ = {isa = PBXBuildFile; fileRef = 256AEF281794E5B800ABBBA2 /* CoreGraphics.framework */; };
		256AF29117979ECC00ABBBA2 /* MessageUI.framework in Frameworks */ = {isa = PBXBuildFile; fileRef = 256AF29017979ECC00ABBBA2 /* MessageUI.framework */; };
		256AF29F1797AFD700ABBBA2 /* QuartzCore.framework in Frameworks */ = {isa = PBXBuildFile; fileRef = 256AF29E1797AFD700ABBBA2 /* QuartzCore.framework */; };
/* End PBXBuildFile section */

/* Begin PBXFileReference section */
		2564BE51179DCB8A00E325AF /* arrow.png */ = {isa = PBXFileReference; lastKnownFileType = image.png; path = arrow.png; sourceTree = "<group>"; };
		2564BE52179DCB8A00E325AF /* iTunesArtwork.png */ = {isa = PBXFileReference; lastKnownFileType = image.png; path = iTunesArtwork.png; sourceTree = "<group>"; };
		2564BE53179DCB8A00E325AF /* MainWindow.xib */ = {isa = PBXFileReference; fileEncoding = 4; lastKnownFileType = file.xib; path = MainWindow.xib; sourceTree = "<group>"; };
		2564BE54179DCB8A00E325AF /* no_photo_available.jpg */ = {isa = PBXFileReference; lastKnownFileType = image.jpeg; path = no_photo_available.jpg; sourceTree = "<group>"; };
		2564BE55179DCB8A00E325AF /* obama.png */ = {isa = PBXFileReference; lastKnownFileType = image.png; path = obama.png; sourceTree = "<group>"; };
		2564BE56179DCB8A00E325AF /* obama@2x.png */ = {isa = PBXFileReference; lastKnownFileType = image.png; path = "obama@2x.png"; sourceTree = "<group>"; };
		2564BE58179DCB8A00E325AF /* AppDelegate.h */ = {isa = PBXFileReference; fileEncoding = 4; lastKnownFileType = sourcecode.c.h; name = AppDelegate.h; path = testApp/AppDelegate.h; sourceTree = "<group>"; };
		2564BE59179DCB8A00E325AF /* AppDelegate.m */ = {isa = PBXFileReference; fileEncoding = 4; lastKnownFileType = sourcecode.c.objc; name = AppDelegate.m; path = testApp/AppDelegate.m; sourceTree = "<group>"; };
		2564BE5A179DCB8A00E325AF /* bebasneue.ttf */ = {isa = PBXFileReference; lastKnownFileType = file; name = bebasneue.ttf; path = testApp/bebasneue.ttf; sourceTree = "<group>"; };
		2564BE5B179DCB8A00E325AF /* bg.jpg */ = {isa = PBXFileReference; lastKnownFileType = image.jpeg; name = bg.jpg; path = testApp/bg.jpg; sourceTree = "<group>"; };
		2564BE5C179DCB8A00E325AF /* bg@2x.jpg */ = {isa = PBXFileReference; lastKnownFileType = image.jpeg; name = "bg@2x.jpg"; path = "testApp/bg@2x.jpg"; sourceTree = "<group>"; };
		2564BE5D179DCB8A00E325AF /* email.png */ = {isa = PBXFileReference; lastKnownFileType = image.png; name = email.png; path = testApp/email.png; sourceTree = "<group>"; };
		2564BE5E179DCB8A00E325AF /* email@2x.png */ = {isa = PBXFileReference; lastKnownFileType = image.png; name = "email@2x.png"; path = "testApp/email@2x.png"; sourceTree = "<group>"; };
		2564BE60179DCB8A00E325AF /* en */ = {isa = PBXFileReference; lastKnownFileType = text.plist.strings; name = en; path = en.lproj/InfoPlist.strings; sourceTree = "<group>"; };
		2564BE63179DCB8A00E325AF /* main.m */ = {isa = PBXFileReference; fileEncoding = 4; lastKnownFileType = sourcecode.c.objc; name = main.m; path = testApp/main.m; sourceTree = "<group>"; };
		2564BE66179DCB8A00E325AF /* SBJson.h */ = {isa = PBXFileReference; fileEncoding = 4; lastKnownFileType = sourcecode.c.h; name = SBJson.h; path = testApp/SBJson.h; sourceTree = "<group>"; };
		2564BE67179DCB8A00E325AF /* SBJsonParser.h */ = {isa = PBXFileReference; fileEncoding = 4; lastKnownFileType = sourcecode.c.h; name = SBJsonParser.h; path = testApp/SBJsonParser.h; sourceTree = "<group>"; };
		2564BE68179DCB8A00E325AF /* SBJsonParser.m */ = {isa = PBXFileReference; fileEncoding = 4; lastKnownFileType = sourcecode.c.objc; name = SBJsonParser.m; path = testApp/SBJsonParser.m; sourceTree = "<group>"; };
		2564BE69179DCB8A00E325AF /* SBJsonStreamParser.h */ = {isa = PBXFileReference; fileEncoding = 4; lastKnownFileType = sourcecode.c.h; name = SBJsonStreamParser.h; path = testApp/SBJsonStreamParser.h; sourceTree = "<group>"; };
		2564BE6A179DCB8A00E325AF /* SBJsonStreamParser.m */ = {isa = PBXFileReference; fileEncoding = 4; lastKnownFileType = sourcecode.c.objc; name = SBJsonStreamParser.m; path = testApp/SBJsonStreamParser.m; sourceTree = "<group>"; };
		2564BE6B179DCB8A00E325AF /* SBJsonStreamParserAccumulator.h */ = {isa = PBXFileReference; fileEncoding = 4; lastKnownFileType = sourcecode.c.h; name = SBJsonStreamParserAccumulator.h; path = testApp/SBJsonStreamParserAccumulator.h; sourceTree = "<group>"; };
		2564BE6C179DCB8A00E325AF /* SBJsonStreamParserAccumulator.m */ = {isa = PBXFileReference; fileEncoding = 4; lastKnownFileType = sourcecode.c.objc; name = SBJsonStreamParserAccumulator.m; path = testApp/SBJsonStreamParserAccumulator.m; sourceTree = "<group>"; };
		2564BE6D179DCB8A00E325AF /* SBJsonStreamParserAdapter.h */ = {isa = PBXFileReference; fileEncoding = 4; lastKnownFileType = sourcecode.c.h; name = SBJsonStreamParserAdapter.h; path = testApp/SBJsonStreamParserAdapter.h; sourceTree = "<group>"; };
		2564BE6E179DCB8A00E325AF /* SBJsonStreamParserAdapter.m */ = {isa = PBXFileReference; fileEncoding = 4; lastKnownFileType = sourcecode.c.objc; name = SBJsonStreamParserAdapter.m; path = testApp/SBJsonStreamParserAdapter.m; sourceTree = "<group>"; };
		2564BE6F179DCB8A00E325AF /* SBJsonStreamParserState.h */ = {isa = PBXFileReference; fileEncoding = 4; lastKnownFileType = sourcecode.c.h; name = SBJsonStreamParserState.h; path = testApp/SBJsonStreamParserState.h; sourceTree = "<group>"; };
		2564BE70179DCB8A00E325AF /* SBJsonStreamParserState.m */ = {isa = PBXFileReference; fileEncoding = 4; lastKnownFileType = sourcecode.c.objc; name = SBJsonStreamParserState.m; path = testApp/SBJsonStreamParserState.m; sourceTree = "<group>"; };
		2564BE71179DCB8A00E325AF /* SBJsonStreamTokeniser.h */ = {isa = PBXFileReference; fileEncoding = 4; lastKnownFileType = sourcecode.c.h; name = SBJsonStreamTokeniser.h; path = testApp/SBJsonStreamTokeniser.h; sourceTree = "<group>"; };
		2564BE72179DCB8A00E325AF /* SBJsonStreamTokeniser.m */ = {isa = PBXFileReference; fileEncoding = 4; lastKnownFileType = sourcecode.c.objc; name = SBJsonStreamTokeniser.m; path = testApp/SBJsonStreamTokeniser.m; sourceTree = "<group>"; };
		2564BE73179DCB8A00E325AF /* SBJsonStreamWriter.h */ = {isa = PBXFileReference; fileEncoding = 4; lastKnownFileType = sourcecode.c.h; name = SBJsonStreamWriter.h; path = testApp/SBJsonStreamWriter.h; sourceTree = "<group>"; };
		2564BE74179DCB8A00E325AF /* SBJsonStreamWriter.m */ = {isa = PBXFileReference; fileEncoding = 4; lastKnownFileType = sourcecode.c.objc; name = SBJsonStreamWriter.m; path = testApp/SBJsonStreamWriter.m; sourceTree = "<group>"; };
		2564BE75179DCB8A00E325AF /* SBJsonStreamWriterAccumulator.h */ = {isa = PBXFileReference; fileEncoding = 4; lastKnownFileType = sourcecode.c.h; name = SBJsonStreamWriterAccumulator.h; path = testApp/SBJsonStreamWriterAccumulator.h; sourceTree = "<group>"; };
		2564BE76179DCB8A00E325AF /* SBJsonStreamWriterAccumulator.m */ = {isa = PBXFileReference; fileEncoding = 4; lastKnownFileType = sourcecode.c.objc; name = SBJsonStreamWriterAccumulator.m; path = testApp/SBJsonStreamWriterAccumulator.m; sourceTree = "<group>"; };
		2564BE77179DCB8A00E325AF /* SBJsonStreamWriterState.h */ = {isa = PBXFileReference; fileEncoding = 4; lastKnownFileType = sourcecode.c.h; name = SBJsonStreamWriterState.h; path = testApp/SBJsonStreamWriterState.h; sourceTree = "<group>"; };
		2564BE78179DCB8A00E325AF /* SBJsonStreamWriterState.m */ = {isa = PBXFileReference; fileEncoding = 4; lastKnownFileType = sourcecode.c.objc; name = SBJsonStreamWriterState.m; path = testApp/SBJsonStreamWriterState.m; sourceTree = "<group>"; };
		2564BE79179DCB8A00E325AF /* SBJsonWriter.h */ = {isa = PBXFileReference; fileEncoding = 4; lastKnownFileType = sourcecode.c.h; name = SBJsonWriter.h; path = testApp/SBJsonWriter.h; sourceTree = "<group>"; };
		2564BE7A179DCB8A00E325AF /* SBJsonWriter.m */ = {isa = PBXFileReference; fileEncoding = 4; lastKnownFileType = sourcecode.c.objc; name = SBJsonWriter.m; path = testApp/SBJsonWriter.m; sourceTree = "<group>"; };
		2564BE7B179DCB8A00E325AF /* shareCard.png */ = {isa = PBXFileReference; lastKnownFileType = image.png; name = shareCard.png; path = testApp/shareCard.png; sourceTree = "<group>"; };
		2564BE7C179DCB8A00E325AF /* shareCard@2x.png */ = {isa = PBXFileReference; lastKnownFileType = image.png; name = "shareCard@2x.png"; path = "testApp/shareCard@2x.png"; sourceTree = "<group>"; };
		2564BE7D179DCB8A00E325AF /* sms.png */ = {isa = PBXFileReference; lastKnownFileType = image.png; name = sms.png; path = testApp/sms.png; sourceTree = "<group>"; };
		2564BE7E179DCB8A00E325AF /* sms@2x.png */ = {isa = PBXFileReference; lastKnownFileType = image.png; name = "sms@2x.png"; path = "testApp/sms@2x.png"; sourceTree = "<group>"; };
		2564BE7F179DCB8A00E325AF /* testApp-Info.plist */ = {isa = PBXFileReference; fileEncoding = 4; lastKnownFileType = text.plist.xml; name = "testApp-Info.plist"; path = "testApp/testApp-Info.plist"; sourceTree = "<group>"; };
		2564BE80179DCB8A00E325AF /* testApp-Prefix.pch */ = {isa = PBXFileReference; fileEncoding = 4; lastKnownFileType = sourcecode.c.h; name = "testApp-Prefix.pch"; path = "testApp/testApp-Prefix.pch"; sourceTree = "<group>"; };
		2564BE81179DCB8A00E325AF /* ViewController.h */ = {isa = PBXFileReference; fileEncoding = 4; lastKnownFileType = sourcecode.c.h; name = ViewController.h; path = testApp/ViewController.h; sourceTree = "<group>"; };
		2564BE82179DCB8A00E325AF /* ViewController.m */ = {isa = PBXFileReference; fileEncoding = 4; lastKnownFileType = sourcecode.c.objc; name = ViewController.m; path = testApp/ViewController.m; sourceTree = "<group>"; };
		2564BEA7179DCCFF00E325AF /* PullRefreshTableViewController.h */ = {isa = PBXFileReference; fileEncoding = 4; lastKnownFileType = sourcecode.c.h; path = PullRefreshTableViewController.h; sourceTree = "<group>"; };
		2564BEA8179DCCFF00E325AF /* PullRefreshTableViewController.m */ = {isa = PBXFileReference; fileEncoding = 4; lastKnownFileType = sourcecode.c.objc; path = PullRefreshTableViewController.m; sourceTree = "<group>"; };
		2564BEAB179DCD2D00E325AF /* Default-568h@2x.png */ = {isa = PBXFileReference; lastKnownFileType = image.png; path = "Default-568h@2x.png"; sourceTree = "<group>"; };
		256AEF201794E5B800ABBBA2 /* testApp.app */ = {isa = PBXFileReference; explicitFileType = wrapper.application; includeInIndex = 0; path = testApp.app; sourceTree = BUILT_PRODUCTS_DIR; };
		256AEF241794E5B800ABBBA2 /* UIKit.framework */ = {isa = PBXFileReference; lastKnownFileType = wrapper.framework; name = UIKit.framework; path = System/Library/Frameworks/UIKit.framework; sourceTree = SDKROOT; };
		256AEF261794E5B800ABBBA2 /* Foundation.framework */ = {isa = PBXFileReference; lastKnownFileType = wrapper.framework; name = Foundation.framework; path = System/Library/Frameworks/Foundation.framework; sourceTree = SDKROOT; };
		256AEF281794E5B800ABBBA2 /* CoreGraphics.framework */ = {isa = PBXFileReference; lastKnownFileType = wrapper.framework; name = CoreGraphics.framework; path = System/Library/Frameworks/CoreGraphics.framework; sourceTree = SDKROOT; };
		256AF29017979ECC00ABBBA2 /* MessageUI.framework */ = {isa = PBXFileReference; lastKnownFileType = wrapper.framework; name = MessageUI.framework; path = System/Library/Frameworks/MessageUI.framework; sourceTree = SDKROOT; };
		256AF29E1797AFD700ABBBA2 /* QuartzCore.framework */ = {isa = PBXFileReference; lastKnownFileType = wrapper.framework; name = QuartzCore.framework; path = System/Library/Frameworks/QuartzCore.framework; sourceTree = SDKROOT; };
/* End PBXFileReference section */

/* Begin PBXFrameworksBuildPhase section */
		256AEF1D1794E5B800ABBBA2 /* Frameworks */ = {
			isa = PBXFrameworksBuildPhase;
			buildActionMask = 2147483647;
			files = (
				256AF29F1797AFD700ABBBA2 /* QuartzCore.framework in Frameworks */,
				256AF29117979ECC00ABBBA2 /* MessageUI.framework in Frameworks */,
				256AEF251794E5B800ABBBA2 /* UIKit.framework in Frameworks */,
				256AEF271794E5B800ABBBA2 /* Foundation.framework in Frameworks */,
				256AEF291794E5B800ABBBA2 /* CoreGraphics.framework in Frameworks */,
			);
			runOnlyForDeploymentPostprocessing = 0;
		};
/* End PBXFrameworksBuildPhase section */

/* Begin PBXGroup section */
		2564BEA4179DCBC600E325AF /* Images */ = {
			isa = PBXGroup;
			children = (
				2564BE51179DCB8A00E325AF /* arrow.png */,
				2564BE52179DCB8A00E325AF /* iTunesArtwork.png */,
				2564BE54179DCB8A00E325AF /* no_photo_available.jpg */,
				2564BE55179DCB8A00E325AF /* obama.png */,
				2564BE56179DCB8A00E325AF /* obama@2x.png */,
				2564BE5B179DCB8A00E325AF /* bg.jpg */,
				2564BE5C179DCB8A00E325AF /* bg@2x.jpg */,
				2564BE5D179DCB8A00E325AF /* email.png */,
				2564BE5E179DCB8A00E325AF /* email@2x.png */,
				2564BE7B179DCB8A00E325AF /* shareCard.png */,
				2564BE7C179DCB8A00E325AF /* shareCard@2x.png */,
				2564BE7D179DCB8A00E325AF /* sms.png */,
				2564BE7E179DCB8A00E325AF /* sms@2x.png */,
			);
			name = Images;
			sourceTree = "<group>";
		};
		2564BEA5179DCBDE00E325AF /* Supporting Files */ = {
			isa = PBXGroup;
			children = (
				2564BE5A179DCB8A00E325AF /* bebasneue.ttf */,
				2564BE5F179DCB8A00E325AF /* InfoPlist.strings */,
				2564BE63179DCB8A00E325AF /* main.m */,
				2564BE7F179DCB8A00E325AF /* testApp-Info.plist */,
				2564BE80179DCB8A00E325AF /* testApp-Prefix.pch */,
			);
			name = "Supporting Files";
			sourceTree = "<group>";
		};
		2564BEA6179DCBF200E325AF /* JSON Files */ = {
			isa = PBXGroup;
			children = (
				2564BE66179DCB8A00E325AF /* SBJson.h */,
				2564BE67179DCB8A00E325AF /* SBJsonParser.h */,
				2564BE68179DCB8A00E325AF /* SBJsonParser.m */,
				2564BE69179DCB8A00E325AF /* SBJsonStreamParser.h */,
				2564BE6A179DCB8A00E325AF /* SBJsonStreamParser.m */,
				2564BE6B179DCB8A00E325AF /* SBJsonStreamParserAccumulator.h */,
				2564BE6C179DCB8A00E325AF /* SBJsonStreamParserAccumulator.m */,
				2564BE6D179DCB8A00E325AF /* SBJsonStreamParserAdapter.h */,
				2564BE6E179DCB8A00E325AF /* SBJsonStreamParserAdapter.m */,
				2564BE6F179DCB8A00E325AF /* SBJsonStreamParserState.h */,
				2564BE70179DCB8A00E325AF /* SBJsonStreamParserState.m */,
				2564BE71179DCB8A00E325AF /* SBJsonStreamTokeniser.h */,
				2564BE72179DCB8A00E325AF /* SBJsonStreamTokeniser.m */,
				2564BE73179DCB8A00E325AF /* SBJsonStreamWriter.h */,
				2564BE74179DCB8A00E325AF /* SBJsonStreamWriter.m */,
				2564BE75179DCB8A00E325AF /* SBJsonStreamWriterAccumulator.h */,
				2564BE76179DCB8A00E325AF /* SBJsonStreamWriterAccumulator.m */,
				2564BE77179DCB8A00E325AF /* SBJsonStreamWriterState.h */,
				2564BE78179DCB8A00E325AF /* SBJsonStreamWriterState.m */,
				2564BE79179DCB8A00E325AF /* SBJsonWriter.h */,
				2564BE7A179DCB8A00E325AF /* SBJsonWriter.m */,
			);
			name = "JSON Files";
			sourceTree = "<group>";
		};
		2564BEAA179DCD0300E325AF /* PullToRefresh Files */ = {
			isa = PBXGroup;
			children = (
				2564BEA7179DCCFF00E325AF /* PullRefreshTableViewController.h */,
				2564BEA8179DCCFF00E325AF /* PullRefreshTableViewController.m */,
			);
			name = "PullToRefresh Files";
			sourceTree = "<group>";
		};
		256AEF151794E5B800ABBBA2 = {
			isa = PBXGroup;
			children = (
				2564BEAB179DCD2D00E325AF /* Default-568h@2x.png */,
				2564BE53179DCB8A00E325AF /* MainWindow.xib */,
				2564BE58179DCB8A00E325AF /* AppDelegate.h */,
				2564BE59179DCB8A00E325AF /* AppDelegate.m */,
				2564BE81179DCB8A00E325AF /* ViewController.h */,
				2564BE82179DCB8A00E325AF /* ViewController.m */,
				2564BEAA179DCD0300E325AF /* PullToRefresh Files */,
				2564BEA6179DCBF200E325AF /* JSON Files */,
				2564BEA4179DCBC600E325AF /* Images */,
				2564BEA5179DCBDE00E325AF /* Supporting Files */,
				256AEF231794E5B800ABBBA2 /* Frameworks */,
				256AEF211794E5B800ABBBA2 /* Products */,
			);
			sourceTree = "<group>";
		};
		256AEF211794E5B800ABBBA2 /* Products */ = {
			isa = PBXGroup;
			children = (
				256AEF201794E5B800ABBBA2 /* testApp.app */,
			);
			name = Products;
			sourceTree = "<group>";
		};
		256AEF231794E5B800ABBBA2 /* Frameworks */ = {
			isa = PBXGroup;
			children = (
				256AF29E1797AFD700ABBBA2 /* QuartzCore.framework */,
				256AF29017979ECC00ABBBA2 /* MessageUI.framework */,
				256AEF241794E5B800ABBBA2 /* UIKit.framework */,
				256AEF261794E5B800ABBBA2 /* Foundation.framework */,
				256AEF281794E5B800ABBBA2 /* CoreGraphics.framework */,
			);
			name = Frameworks;
			sourceTree = "<group>";
		};
/* End PBXGroup section */

/* Begin PBXNativeTarget section */
		256AEF1F1794E5B800ABBBA2 /* testApp */ = {
			isa = PBXNativeTarget;
			buildConfigurationList = 256AEF3E1794E5B900ABBBA2 /* Build configuration list for PBXNativeTarget "testApp" */;
			buildPhases = (
				256AEF1C1794E5B800ABBBA2 /* Sources */,
				256AEF1D1794E5B800ABBBA2 /* Frameworks */,
				256AEF1E1794E5B800ABBBA2 /* Resources */,
			);
			buildRules = (
			);
			dependencies = (
			);
			name = testApp;
			productName = RocksauceTestApp;
			productReference = 256AEF201794E5B800ABBBA2 /* testApp.app */;
			productType = "com.apple.product-type.application";
		};
/* End PBXNativeTarget section */

/* Begin PBXProject section */
		256AEF171794E5B800ABBBA2 /* Project object */ = {
			isa = PBXProject;
			attributes = {
				LastUpgradeCheck = 0460;
				ORGANIZATIONNAME = "";
			};
			buildConfigurationList = 256AEF1A1794E5B800ABBBA2 /* Build configuration list for PBXProject "testApp" */;
			compatibilityVersion = "Xcode 3.2";
			developmentRegion = English;
			hasScannedForEncodings = 0;
			knownRegions = (
				en,
			);
			mainGroup = 256AEF151794E5B800ABBBA2;
			productRefGroup = 256AEF211794E5B800ABBBA2 /* Products */;
			projectDirPath = "";
			projectRoot = "";
			targets = (
				256AEF1F1794E5B800ABBBA2 /* testApp */,
			);
		};
/* End PBXProject section */

/* Begin PBXResourcesBuildPhase section */
		256AEF1E1794E5B800ABBBA2 /* Resources */ = {
			isa = PBXResourcesBuildPhase;
			buildActionMask = 2147483647;
			files = (
				2564BE83179DCB8A00E325AF /* arrow.png in Resources */,
				2564BE84179DCB8A00E325AF /* iTunesArtwork.png in Resources */,
				2564BE85179DCB8A00E325AF /* MainWindow.xib in Resources */,
				2564BE86179DCB8A00E325AF /* no_photo_available.jpg in Resources */,
				2564BE87179DCB8A00E325AF /* obama.png in Resources */,
				2564BE88179DCB8A00E325AF /* obama@2x.png in Resources */,
				2564BE8A179DCB8A00E325AF /* bebasneue.ttf in Resources */,
				2564BE8B179DCB8A00E325AF /* bg.jpg in Resources */,
				2564BE8C179DCB8A00E325AF /* bg@2x.jpg in Resources */,
				2564BE8D179DCB8A00E325AF /* email.png in Resources */,
				2564BE8E179DCB8A00E325AF /* email@2x.png in Resources */,
				2564BE8F179DCB8A00E325AF /* InfoPlist.strings in Resources */,
				2564BE9D179DCB8A00E325AF /* shareCard.png in Resources */,
				2564BE9E179DCB8A00E325AF /* shareCard@2x.png in Resources */,
				2564BE9F179DCB8A00E325AF /* sms.png in Resources */,
				2564BEA0179DCB8A00E325AF /* sms@2x.png in Resources */,
				2564BEAC179DCD2D00E325AF /* Default-568h@2x.png in Resources */,
			);
			runOnlyForDeploymentPostprocessing = 0;
		};
/* End PBXResourcesBuildPhase section */

/* Begin PBXSourcesBuildPhase section */
		256AEF1C1794E5B800ABBBA2 /* Sources */ = {
			isa = PBXSourcesBuildPhase;
			buildActionMask = 2147483647;
			files = (
				2564BE89179DCB8A00E325AF /* AppDelegate.m in Sources */,
				2564BE91179DCB8A00E325AF /* main.m in Sources */,
				2564BE93179DCB8A00E325AF /* SBJsonParser.m in Sources */,
				2564BE94179DCB8A00E325AF /* SBJsonStreamParser.m in Sources */,
				2564BE95179DCB8A00E325AF /* SBJsonStreamParserAccumulator.m in Sources */,
				2564BE96179DCB8A00E325AF /* SBJsonStreamParserAdapter.m in Sources */,
				2564BE97179DCB8A00E325AF /* SBJsonStreamParserState.m in Sources */,
				2564BE98179DCB8A00E325AF /* SBJsonStreamTokeniser.m in Sources */,
				2564BE99179DCB8A00E325AF /* SBJsonStreamWriter.m in Sources */,
				2564BE9A179DCB8A00E325AF /* SBJsonStreamWriterAccumulator.m in Sources */,
				2564BE9B179DCB8A00E325AF /* SBJsonStreamWriterState.m in Sources */,
				2564BE9C179DCB8A00E325AF /* SBJsonWriter.m in Sources */,
				2564BEA2179DCB8A00E325AF /* ViewController.m in Sources */,
				2564BEA9179DCCFF00E325AF /* PullRefreshTableViewController.m in Sources */,
			);
			runOnlyForDeploymentPostprocessing = 0;
		};
/* End PBXSourcesBuildPhase section */

/* Begin PBXVariantGroup section */
		2564BE5F179DCB8A00E325AF /* InfoPlist.strings */ = {
			isa = PBXVariantGroup;
			children = (
				2564BE60179DCB8A00E325AF /* en */,
			);
			name = InfoPlist.strings;
			path = testApp;
			sourceTree = "<group>";
		};
/* End PBXVariantGroup section */

/* Begin XCBuildConfiguration section */
		256AEF3C1794E5B900ABBBA2 /* Debug */ = {
			isa = XCBuildConfiguration;
			buildSettings = {
				ALWAYS_SEARCH_USER_PATHS = NO;
				ARCHS = "$(ARCHS_STANDARD_32_BIT)";
				CLANG_ENABLE_OBJC_ARC = YES;
				CLANG_WARN_CONSTANT_CONVERSION = YES;
				CLANG_WARN_ENUM_CONVERSION = YES;
				CLANG_WARN_INT_CONVERSION = YES;
				CLANG_WARN__DUPLICATE_METHOD_MATCH = YES;
				"CODE_SIGN_IDENTITY[sdk=iphoneos*]" = "iPhone Developer";
				COPY_PHASE_STRIP = NO;
				GCC_C_LANGUAGE_STANDARD = gnu99;
				GCC_DYNAMIC_NO_PIC = NO;
				GCC_OPTIMIZATION_LEVEL = 0;
				GCC_PREPROCESSOR_DEFINITIONS = (
					"DEBUG=1",
					"$(inherited)",
				);
				GCC_SYMBOLS_PRIVATE_EXTERN = NO;
				GCC_VERSION = com.apple.compilers.llvm.clang.1_0;
				GCC_WARN_ABOUT_RETURN_TYPE = YES;
				GCC_WARN_UNINITIALIZED_AUTOS = YES;
				GCC_WARN_UNUSED_VARIABLE = YES;
				IPHONEOS_DEPLOYMENT_TARGET = 5.1;
				SDKROOT = iphoneos;
			};
			name = Debug;
		};
		256AEF3D1794E5B900ABBBA2 /* Release */ = {
			isa = XCBuildConfiguration;
			buildSettings = {
				ALWAYS_SEARCH_USER_PATHS = NO;
				ARCHS = "$(ARCHS_STANDARD_32_BIT)";
				CLANG_ENABLE_OBJC_ARC = YES;
				CLANG_WARN_CONSTANT_CONVERSION = YES;
				CLANG_WARN_ENUM_CONVERSION = YES;
				CLANG_WARN_INT_CONVERSION = YES;
				CLANG_WARN__DUPLICATE_METHOD_MATCH = YES;
				"CODE_SIGN_IDENTITY[sdk=iphoneos*]" = "iPhone Developer";
				COPY_PHASE_STRIP = YES;
				GCC_C_LANGUAGE_STANDARD = gnu99;
				GCC_VERSION = com.apple.compilers.llvm.clang.1_0;
				GCC_WARN_ABOUT_RETURN_TYPE = YES;
				GCC_WARN_UNINITIALIZED_AUTOS = YES;
				GCC_WARN_UNUSED_VARIABLE = YES;
				IPHONEOS_DEPLOYMENT_TARGET = 5.1;
				OTHER_CFLAGS = "-DNS_BLOCK_ASSERTIONS=1";
				SDKROOT = iphoneos;
				VALIDATE_PRODUCT = YES;
			};
			name = Release;
		};
		256AEF3F1794E5B900ABBBA2 /* Debug */ = {
			isa = XCBuildConfiguration;
			buildSettings = {
				CODE_SIGN_IDENTITY = "iPhone Developer: Ian Koenigsknecht (XV4YZ7NFM3)";
				"CODE_SIGN_IDENTITY[sdk=iphoneos*]" = "iPhone Developer: Ian Koenigsknecht (XV4YZ7NFM3)";
				GCC_PRECOMPILE_PREFIX_HEADER = YES;
				GCC_PREFIX_HEADER = "testApp/testApp-Prefix.pch";
				INFOPLIST_FILE = "$(SRCROOT)/testApp/testApp-Info.plist";
				IPHONEOS_DEPLOYMENT_TARGET = 5.1;
				PRODUCT_NAME = testApp;
				PROVISIONING_PROFILE = "";
				"PROVISIONING_PROFILE[sdk=iphoneos*]" = "54206991-AFF3-4F64-A666-8C923D62FC8E";
				WRAPPER_EXTENSION = app;
			};
			name = Debug;
		};
		256AEF401794E5B900ABBBA2 /* Release */ = {
			isa = XCBuildConfiguration;
			buildSettings = {
				CODE_SIGN_IDENTITY = "iPhone Developer: Ian Koenigsknecht (XV4YZ7NFM3)";
				GCC_PRECOMPILE_PREFIX_HEADER = YES;
				GCC_PREFIX_HEADER = "testApp/testApp-Prefix.pch";
				INFOPLIST_FILE = "$(SRCROOT)/testApp/testApp-Info.plist";
				IPHONEOS_DEPLOYMENT_TARGET = 5.1;
				PRODUCT_NAME = testApp;
				PROVISIONING_PROFILE = "";
				WRAPPER_EXTENSION = app;
			};
			name = Release;
		};
/* End XCBuildConfiguration section */

/* Begin XCConfigurationList section */
		256AEF1A1794E5B800ABBBA2 /* Build configuration list for PBXProject "testApp" */ = {
			isa = XCConfigurationList;
			buildConfigurations = (
				256AEF3C1794E5B900ABBBA2 /* Debug */,
				256AEF3D1794E5B900ABBBA2 /* Release */,
			);
			defaultConfigurationIsVisible = 0;
			defaultConfigurationName = Release;
		};
		256AEF3E1794E5B900ABBBA2 /* Build configuration list for PBXNativeTarget "testApp" */ = {
			isa = XCConfigurationList;
			buildConfigurations = (
				256AEF3F1794E5B900ABBBA2 /* Debug */,
				256AEF401794E5B900ABBBA2 /* Release */,
			);
			defaultConfigurationIsVisible = 0;
			defaultConfigurationName = Release;
		};
/* End XCConfigurationList section */
	};
	rootObject = 256AEF171794E5B800ABBBA2 /* Project object */;
}
